
Microsoft Visual Studio Solution File, Format Version 12.00
# Visual Studio Version 16
VisualStudioVersion = 16.0.29519.87
MinimumVisualStudioVersion = 10.0.40219.1
Project("{FAE04EC0-301F-11D3-BF4B-00C04F79EFBC}") = "CoinmarketDataBackend", "CoinmarketDataBackend\CoinmarketDataBackend.csproj", "{A0996165-995C-4A93-BF64-C2C77F567F00}"
EndProject
Global
	GlobalSection(SolutionConfigurationPlatforms) = preSolution
		Debug|Any CPU = Debug|Any CPU
		Release|Any CPU = Release|Any CPU
	EndGlobalSection
	GlobalSection(ProjectConfigurationPlatforms) = postSolution
		{A0996165-995C-4A93-BF64-C2C77F567F00}.Debug|Any CPU.ActiveCfg = Debug|Any CPU
		{A0996165-995C-4A93-BF64-C2C77F567F00}.Debug|Any CPU.Build.0 = Debug|Any CPU
		{A0996165-995C-4A93-BF64-C2C77F567F00}.Release|Any CPU.ActiveCfg = Release|Any CPU
		{A0996165-995C-4A93-BF64-C2C77F567F00}.Release|Any CPU.Build.0 = Release|Any CPU
	EndGlobalSection
	GlobalSection(SolutionProperties) = preSolution
		HideSolutionNode = FALSE
	EndGlobalSection
	GlobalSection(ExtensibilityGlobals) = postSolution
		SolutionGuid = {30C5F7D7-C08F-4D7B-9967-F604625C6A1A}
	EndGlobalSection
EndGlobal
